
Microsoft Visual Studio Solution File, Format Version 12.00
# Visual Studio Version 16
VisualStudioVersion = 16.0.29709.97
MinimumVisualStudioVersion = 10.0.40219.1
Project("{FAE04EC0-301F-11D3-BF4B-00C04F79EFBC}") = "TestApp", "TestApp\TestApp.csproj", "{83269512-F318-4DDA-B36E-39B54B5A6058}"
EndProject
Global
	GlobalSection(SolutionConfigurationPlatforms) = preSolution
		Debug|Any CPU = Debug|Any CPU
		Release|Any CPU = Release|Any CPU
	EndGlobalSection
	GlobalSection(ProjectConfigurationPlatforms) = postSolution
		{83269512-F318-4DDA-B36E-39B54B5A6058}.Debug|Any CPU.ActiveCfg = Debug|Any CPU
		{83269512-F318-4DDA-B36E-39B54B5A6058}.Debug|Any CPU.Build.0 = Debug|Any CPU
		{83269512-F318-4DDA-B36E-39B54B5A6058}.Release|Any CPU.ActiveCfg = Release|Any CPU
		{83269512-F318-4DDA-B36E-39B54B5A6058}.Release|Any CPU.Build.0 = Release|Any CPU
	EndGlobalSection
	GlobalSection(SolutionProperties) = preSolution
		HideSolutionNode = FALSE
	EndGlobalSection
	GlobalSection(ExtensibilityGlobals) = postSolution
		SolutionGuid = {E27BBF60-D5E7-4E6A-8669-22D793EF6E30}
	EndGlobalSection
EndGlobal
